// !$*UTF8*$!
{
	archiveVersion = 1;
	classes = {
	};
	objectVersion = 50;
	objects = {

/* Begin PBXBuildFile section */
		36EA1A9C262AFC850003E726 /* AppDelegate.swift in Sources */ = {isa = PBXBuildFile; fileRef = 36EA1A9B262AFC850003E726 /* AppDelegate.swift */; };
		36EA1A9E262AFC850003E726 /* SceneDelegate.swift in Sources */ = {isa = PBXBuildFile; fileRef = 36EA1A9D262AFC850003E726 /* SceneDelegate.swift */; };
		36EA1AA0262AFC850003E726 /* ViewController.swift in Sources */ = {isa = PBXBuildFile; fileRef = 36EA1A9F262AFC850003E726 /* ViewController.swift */; };
		36EA1AA3262AFC850003E726 /* Main.storyboard in Resources */ = {isa = PBXBuildFile; fileRef = 36EA1AA1262AFC850003E726 /* Main.storyboard */; };
		36EA1AA5262AFC860003E726 /* Assets.xcassets in Resources */ = {isa = PBXBuildFile; fileRef = 36EA1AA4262AFC860003E726 /* Assets.xcassets */; };
		36EA1AA8262AFC860003E726 /* LaunchScreen.storyboard in Resources */ = {isa = PBXBuildFile; fileRef = 36EA1AA6262AFC860003E726 /* LaunchScreen.storyboard */; };
		36EA1AB3262AFC860003E726 /* TFYSwiftMessageRouterTests.swift in Sources */ = {isa = PBXBuildFile; fileRef = 36EA1AB2262AFC860003E726 /* TFYSwiftMessageRouterTests.swift */; };
		36EA1ABE262AFC860003E726 /* TFYSwiftMessageRouterUITests.swift in Sources */ = {isa = PBXBuildFile; fileRef = 36EA1ABD262AFC860003E726 /* TFYSwiftMessageRouterUITests.swift */; };
/* End PBXBuildFile section */

/* Begin PBXContainerItemProxy section */
		36EA1AAF262AFC860003E726 /* PBXContainerItemProxy */ = {
			isa = PBXContainerItemProxy;
			containerPortal = 36EA1A90262AFC850003E726 /* Project object */;
			proxyType = 1;
			remoteGlobalIDString = 36EA1A97262AFC850003E726;
			remoteInfo = TFYSwiftMessageRouter;
		};
		36EA1ABA262AFC860003E726 /* PBXContainerItemProxy */ = {
			isa = PBXContainerItemProxy;
			containerPortal = 36EA1A90262AFC850003E726 /* Project object */;
			proxyType = 1;
			remoteGlobalIDString = 36EA1A97262AFC850003E726;
			remoteInfo = TFYSwiftMessageRouter;
		};
/* End PBXContainerItemProxy section */

/* Begin PBXFileReference section */
		36EA1A98262AFC850003E726 /* TFYSwiftMessageRouter.app */ = {isa = PBXFileReference; explicitFileType = wrapper.application; includeInIndex = 0; path = TFYSwiftMessageRouter.app; sourceTree = BUILT_PRODUCTS_DIR; };
		36EA1A9B262AFC850003E726 /* AppDelegate.swift */ = {isa = PBXFileReference; lastKnownFileType = sourcecode.swift; path = AppDelegate.swift; sourceTree = "<group>"; };
		36EA1A9D262AFC850003E726 /* SceneDelegate.swift */ = {isa = PBXFileReference; lastKnownFileType = sourcecode.swift; path = SceneDelegate.swift; sourceTree = "<group>"; };
		36EA1A9F262AFC850003E726 /* ViewController.swift */ = {isa = PBXFileReference; lastKnownFileType = sourcecode.swift; path = ViewController.swift; sourceTree = "<group>"; };
		36EA1AA2262AFC850003E726 /* Base */ = {isa = PBXFileReference; lastKnownFileType = file.storyboard; name = Base; path = Base.lproj/Main.storyboard; sourceTree = "<group>"; };
		36EA1AA4262AFC860003E726 /* Assets.xcassets */ = {isa = PBXFileReference; lastKnownFileType = folder.assetcatalog; path = Assets.xcassets; sourceTree = "<group>"; };
		36EA1AA7262AFC860003E726 /* Base */ = {isa = PBXFileReference; lastKnownFileType = file.storyboard; name = Base; path = Base.lproj/LaunchScreen.storyboard; sourceTree = "<group>"; };
		36EA1AA9262AFC860003E726 /* Info.plist */ = {isa = PBXFileReference; lastKnownFileType = text.plist.xml; path = Info.plist; sourceTree = "<group>"; };
		36EA1AAE262AFC860003E726 /* TFYSwiftMessageRouterTests.xctest */ = {isa = PBXFileReference; explicitFileType = wrapper.cfbundle; includeInIndex = 0; path = TFYSwiftMessageRouterTests.xctest; sourceTree = BUILT_PRODUCTS_DIR; };
		36EA1AB2262AFC860003E726 /* TFYSwiftMessageRouterTests.swift */ = {isa = PBXFileReference; lastKnownFileType = sourcecode.swift; path = TFYSwiftMessageRouterTests.swift; sourceTree = "<group>"; };
		36EA1AB4262AFC860003E726 /* Info.plist */ = {isa = PBXFileReference; lastKnownFileType = text.plist.xml; path = Info.plist; sourceTree = "<group>"; };
		36EA1AB9262AFC860003E726 /* TFYSwiftMessageRouterUITests.xctest */ = {isa = PBXFileReference; explicitFileType = wrapper.cfbundle; includeInIndex = 0; path = TFYSwiftMessageRouterUITests.xctest; sourceTree = BUILT_PRODUCTS_DIR; };
		36EA1ABD262AFC860003E726 /* TFYSwiftMessageRouterUITests.swift */ = {isa = PBXFileReference; lastKnownFileType = sourcecode.swift; path = TFYSwiftMessageRouterUITests.swift; sourceTree = "<group>"; };
		36EA1ABF262AFC860003E726 /* Info.plist */ = {isa = PBXFileReference; lastKnownFileType = text.plist.xml; path = Info.plist; sourceTree = "<group>"; };
/* End PBXFileReference section */

/* Begin PBXFrameworksBuildPhase section */
		36EA1A95262AFC850003E726 /* Frameworks */ = {
			isa = PBXFrameworksBuildPhase;
			buildActionMask = 2147483647;
			files = (
			);
			runOnlyForDeploymentPostprocessing = 0;
		};
		36EA1AAB262AFC860003E726 /* Frameworks */ = {
			isa = PBXFrameworksBuildPhase;
			buildActionMask = 2147483647;
			files = (
			);
			runOnlyForDeploymentPostprocessing = 0;
		};
		36EA1AB6262AFC860003E726 /* Frameworks */ = {
			isa = PBXFrameworksBuildPhase;
			buildActionMask = 2147483647;
			files = (
			);
			runOnlyForDeploymentPostprocessing = 0;
		};
/* End PBXFrameworksBuildPhase section */

/* Begin PBXGroup section */
		36EA1A8F262AFC850003E726 = {
			isa = PBXGroup;
			children = (
				36EA1A9A262AFC850003E726 /* TFYSwiftMessageRouter */,
				36EA1AB1262AFC860003E726 /* TFYSwiftMessageRouterTests */,
				36EA1ABC262AFC860003E726 /* TFYSwiftMessageRouterUITests */,
				36EA1A99262AFC850003E726 /* Products */,
			);
			sourceTree = "<group>";
		};
		36EA1A99262AFC850003E726 /* Products */ = {
			isa = PBXGroup;
			children = (
				36EA1A98262AFC850003E726 /* TFYSwiftMessageRouter.app */,
				36EA1AAE262AFC860003E726 /* TFYSwiftMessageRouterTests.xctest */,
				36EA1AB9262AFC860003E726 /* TFYSwiftMessageRouterUITests.xctest */,
			);
			name = Products;
			sourceTree = "<group>";
		};
		36EA1A9A262AFC850003E726 /* TFYSwiftMessageRouter */ = {
			isa = PBXGroup;
			children = (
				36EA1A9B262AFC850003E726 /* AppDelegate.swift */,
				36EA1A9D262AFC850003E726 /* SceneDelegate.swift */,
				36EA1A9F262AFC850003E726 /* ViewController.swift */,
				36EA1AA1262AFC850003E726 /* Main.storyboard */,
				36EA1AA4262AFC860003E726 /* Assets.xcassets */,
				36EA1AA6262AFC860003E726 /* LaunchScreen.storyboard */,
				36EA1AA9262AFC860003E726 /* Info.plist */,
			);
			path = TFYSwiftMessageRouter;
			sourceTree = "<group>";
		};
		36EA1AB1262AFC860003E726 /* TFYSwiftMessageRouterTests */ = {
			isa = PBXGroup;
			children = (
				36EA1AB2262AFC860003E726 /* TFYSwiftMessageRouterTests.swift */,
				36EA1AB4262AFC860003E726 /* Info.plist */,
			);
			path = TFYSwiftMessageRouterTests;
			sourceTree = "<group>";
		};
		36EA1ABC262AFC860003E726 /* TFYSwiftMessageRouterUITests */ = {
			isa = PBXGroup;
			children = (
				36EA1ABD262AFC860003E726 /* TFYSwiftMessageRouterUITests.swift */,
				36EA1ABF262AFC860003E726 /* Info.plist */,
			);
			path = TFYSwiftMessageRouterUITests;
			sourceTree = "<group>";
		};
/* End PBXGroup section */

/* Begin PBXNativeTarget section */
		36EA1A97262AFC850003E726 /* TFYSwiftMessageRouter */ = {
			isa = PBXNativeTarget;
			buildConfigurationList = 36EA1AC2262AFC860003E726 /* Build configuration list for PBXNativeTarget "TFYSwiftMessageRouter" */;
			buildPhases = (
				36EA1A94262AFC850003E726 /* Sources */,
				36EA1A95262AFC850003E726 /* Frameworks */,
				36EA1A96262AFC850003E726 /* Resources */,
			);
			buildRules = (
			);
			dependencies = (
			);
			name = TFYSwiftMessageRouter;
			productName = TFYSwiftMessageRouter;
			productReference = 36EA1A98262AFC850003E726 /* TFYSwiftMessageRouter.app */;
			productType = "com.apple.product-type.application";
		};
		36EA1AAD262AFC860003E726 /* TFYSwiftMessageRouterTests */ = {
			isa = PBXNativeTarget;
			buildConfigurationList = 36EA1AC5262AFC860003E726 /* Build configuration list for PBXNativeTarget "TFYSwiftMessageRouterTests" */;
			buildPhases = (
				36EA1AAA262AFC860003E726 /* Sources */,
				36EA1AAB262AFC860003E726 /* Frameworks */,
				36EA1AAC262AFC860003E726 /* Resources */,
			);
			buildRules = (
			);
			dependencies = (
				36EA1AB0262AFC860003E726 /* PBXTargetDependency */,
			);
			name = TFYSwiftMessageRouterTests;
			productName = TFYSwiftMessageRouterTests;
			productReference = 36EA1AAE262AFC860003E726 /* TFYSwiftMessageRouterTests.xctest */;
			productType = "com.apple.product-type.bundle.unit-test";
		};
		36EA1AB8262AFC860003E726 /* TFYSwiftMessageRouterUITests */ = {
			isa = PBXNativeTarget;
			buildConfigurationList = 36EA1AC8262AFC860003E726 /* Build configuration list for PBXNativeTarget "TFYSwiftMessageRouterUITests" */;
			buildPhases = (
				36EA1AB5262AFC860003E726 /* Sources */,
				36EA1AB6262AFC860003E726 /* Frameworks */,
				36EA1AB7262AFC860003E726 /* Resources */,
			);
			buildRules = (
			);
			dependencies = (
				36EA1ABB262AFC860003E726 /* PBXTargetDependency */,
			);
			name = TFYSwiftMessageRouterUITests;
			productName = TFYSwiftMessageRouterUITests;
			productReference = 36EA1AB9262AFC860003E726 /* TFYSwiftMessageRouterUITests.xctest */;
			productType = "com.apple.product-type.bundle.ui-testing";
		};
/* End PBXNativeTarget section */

/* Begin PBXProject section */
		36EA1A90262AFC850003E726 /* Project object */ = {
			isa = PBXProject;
			attributes = {
				LastSwiftUpdateCheck = 1240;
				LastUpgradeCheck = 1240;
				TargetAttributes = {
					36EA1A97262AFC850003E726 = {
						CreatedOnToolsVersion = 12.4;
					};
					36EA1AAD262AFC860003E726 = {
						CreatedOnToolsVersion = 12.4;
						TestTargetID = 36EA1A97262AFC850003E726;
					};
					36EA1AB8262AFC860003E726 = {
						CreatedOnToolsVersion = 12.4;
						TestTargetID = 36EA1A97262AFC850003E726;
					};
				};
			};
			buildConfigurationList = 36EA1A93262AFC850003E726 /* Build configuration list for PBXProject "TFYSwiftMessageRouter" */;
			compatibilityVersion = "Xcode 9.3";
			developmentRegion = en;
			hasScannedForEncodings = 0;
			knownRegions = (
				en,
				Base,
			);
			mainGroup = 36EA1A8F262AFC850003E726;
			productRefGroup = 36EA1A99262AFC850003E726 /* Products */;
			projectDirPath = "";
			projectRoot = "";
			targets = (
				36EA1A97262AFC850003E726 /* TFYSwiftMessageRouter */,
				36EA1AAD262AFC860003E726 /* TFYSwiftMessageRouterTests */,
				36EA1AB8262AFC860003E726 /* TFYSwiftMessageRouterUITests */,
			);
		};
/* End PBXProject section */

/* Begin PBXResourcesBuildPhase section */
		36EA1A96262AFC850003E726 /* Resources */ = {
			isa = PBXResourcesBuildPhase;
			buildActionMask = 2147483647;
			files = (
				36EA1AA8262AFC860003E726 /* LaunchScreen.storyboard in Resources */,
				36EA1AA5262AFC860003E726 /* Assets.xcassets in Resources */,
				36EA1AA3262AFC850003E726 /* Main.storyboard in Resources */,
			);
			runOnlyForDeploymentPostprocessing = 0;
		};
		36EA1AAC262AFC860003E726 /* Resources */ = {
			isa = PBXResourcesBuildPhase;
			buildActionMask = 2147483647;
			files = (
			);
			runOnlyForDeploymentPostprocessing = 0;
		};
		36EA1AB7262AFC860003E726 /* Resources */ = {
			isa = PBXResourcesBuildPhase;
			buildActionMask = 2147483647;
			files = (
			);
			runOnlyForDeploymentPostprocessing = 0;
		};
/* End PBXResourcesBuildPhase section */

/* Begin PBXSourcesBuildPhase section */
		36EA1A94262AFC850003E726 /* Sources */ = {
			isa = PBXSourcesBuildPhase;
			buildActionMask = 2147483647;
			files = (
				36EA1AA0262AFC850003E726 /* ViewController.swift in Sources */,
				36EA1A9C262AFC850003E726 /* AppDelegate.swift in Sources */,
				36EA1A9E262AFC850003E726 /* SceneDelegate.swift in Sources */,
			);
			runOnlyForDeploymentPostprocessing = 0;
		};
		36EA1AAA262AFC860003E726 /* Sources */ = {
			isa = PBXSourcesBuildPhase;
			buildActionMask = 2147483647;
			files = (
				36EA1AB3262AFC860003E726 /* TFYSwiftMessageRouterTests.swift in Sources */,
			);
			runOnlyForDeploymentPostprocessing = 0;
		};
		36EA1AB5262AFC860003E726 /* Sources */ = {
			isa = PBXSourcesBuildPhase;
			buildActionMask = 2147483647;
			files = (
				36EA1ABE262AFC860003E726 /* TFYSwiftMessageRouterUITests.swift in Sources */,
			);
			runOnlyForDeploymentPostprocessing = 0;
		};
/* End PBXSourcesBuildPhase section */

/* Begin PBXTargetDependency section */
		36EA1AB0262AFC860003E726 /* PBXTargetDependency */ = {
			isa = PBXTargetDependency;
			target = 36EA1A97262AFC850003E726 /* TFYSwiftMessageRouter */;
			targetProxy = 36EA1AAF262AFC860003E726 /* PBXContainerItemProxy */;
		};
		36EA1ABB262AFC860003E726 /* PBXTargetDependency */ = {
			isa = PBXTargetDependency;
			target = 36EA1A97262AFC850003E726 /* TFYSwiftMessageRouter */;
			targetProxy = 36EA1ABA262AFC860003E726 /* PBXContainerItemProxy */;
		};
/* End PBXTargetDependency section */

/* Begin PBXVariantGroup section */
		36EA1AA1262AFC850003E726 /* Main.storyboard */ = {
			isa = PBXVariantGroup;
			children = (
				36EA1AA2262AFC850003E726 /* Base */,
			);
			name = Main.storyboard;
			sourceTree = "<group>";
		};
		36EA1AA6262AFC860003E726 /* LaunchScreen.storyboard */ = {
			isa = PBXVariantGroup;
			children = (
				36EA1AA7262AFC860003E726 /* Base */,
			);
			name = LaunchScreen.storyboard;
			sourceTree = "<group>";
		};
/* End PBXVariantGroup section */

/* Begin XCBuildConfiguration section */
		36EA1AC0262AFC860003E726 /* Debug */ = {
			isa = XCBuildConfiguration;
			buildSettings = {
				ALWAYS_SEARCH_USER_PATHS = NO;
				CLANG_ANALYZER_NONNULL = YES;
				CLANG_ANALYZER_NUMBER_OBJECT_CONVERSION = YES_AGGRESSIVE;
				CLANG_CXX_LANGUAGE_STANDARD = "gnu++14";
				CLANG_CXX_LIBRARY = "libc++";
				CLANG_ENABLE_MODULES = YES;
				CLANG_ENABLE_OBJC_ARC = YES;
				CLANG_ENABLE_OBJC_WEAK = YES;
				CLANG_WARN_BLOCK_CAPTURE_AUTORELEASING = YES;
				CLANG_WARN_BOOL_CONVERSION = YES;
				CLANG_WARN_COMMA = YES;
				CLANG_WARN_CONSTANT_CONVERSION = YES;
				CLANG_WARN_DEPRECATED_OBJC_IMPLEMENTATIONS = YES;
				CLANG_WARN_DIRECT_OBJC_ISA_USAGE = YES_ERROR;
				CLANG_WARN_DOCUMENTATION_COMMENTS = YES;
				CLANG_WARN_EMPTY_BODY = YES;
				CLANG_WARN_ENUM_CONVERSION = YES;
				CLANG_WARN_INFINITE_RECURSION = YES;
				CLANG_WARN_INT_CONVERSION = YES;
				CLANG_WARN_NON_LITERAL_NULL_CONVERSION = YES;
				CLANG_WARN_OBJC_IMPLICIT_RETAIN_SELF = YES;
				CLANG_WARN_OBJC_LITERAL_CONVERSION = YES;
				CLANG_WARN_OBJC_ROOT_CLASS = YES_ERROR;
				CLANG_WARN_QUOTED_INCLUDE_IN_FRAMEWORK_HEADER = YES;
				CLANG_WARN_RANGE_LOOP_ANALYSIS = YES;
				CLANG_WARN_STRICT_PROTOTYPES = YES;
				CLANG_WARN_SUSPICIOUS_MOVE = YES;
				CLANG_WARN_UNGUARDED_AVAILABILITY = YES_AGGRESSIVE;
				CLANG_WARN_UNREACHABLE_CODE = YES;
				CLANG_WARN__DUPLICATE_METHOD_MATCH = YES;
				COPY_PHASE_STRIP = NO;
				DEBUG_INFORMATION_FORMAT = dwarf;
				ENABLE_STRICT_OBJC_MSGSEND = YES;
				ENABLE_TESTABILITY = YES;
				GCC_C_LANGUAGE_STANDARD = gnu11;
				GCC_DYNAMIC_NO_PIC = NO;
				GCC_NO_COMMON_BLOCKS = YES;
				GCC_OPTIMIZATION_LEVEL = 0;
				GCC_PREPROCESSOR_DEFINITIONS = (
					"DEBUG=1",
					"$(inherited)",
				);
				GCC_WARN_64_TO_32_BIT_CONVERSION = YES;
				GCC_WARN_ABOUT_RETURN_TYPE = YES_ERROR;
				GCC_WARN_UNDECLARED_SELECTOR = YES;
				GCC_WARN_UNINITIALIZED_AUTOS = YES_AGGRESSIVE;
				GCC_WARN_UNUSED_FUNCTION = YES;
				GCC_WARN_UNUSED_VARIABLE = YES;
				IPHONEOS_DEPLOYMENT_TARGET = 14.4;
				MTL_ENABLE_DEBUG_INFO = INCLUDE_SOURCE;
				MTL_FAST_MATH = YES;
				ONLY_ACTIVE_ARCH = YES;
				SDKROOT = iphoneos;
				SWIFT_ACTIVE_COMPILATION_CONDITIONS = DEBUG;
				SWIFT_OPTIMIZATION_LEVEL = "-Onone";
			};
			name = Debug;
		};
		36EA1AC1262AFC860003E726 /* Release */ = {
			isa = XCBuildConfiguration;
			buildSettings = {
				ALWAYS_SEARCH_USER_PATHS = NO;
				CLANG_ANALYZER_NONNULL = YES;
				CLANG_ANALYZER_NUMBER_OBJECT_CONVERSION = YES_AGGRESSIVE;
				CLANG_CXX_LANGUAGE_STANDARD = "gnu++14";
				CLANG_CXX_LIBRARY = "libc++";
				CLANG_ENABLE_MODULES = YES;
				CLANG_ENABLE_OBJC_ARC = YES;
				CLANG_ENABLE_OBJC_WEAK = YES;
				CLANG_WARN_BLOCK_CAPTURE_AUTORELEASING = YES;
				CLANG_WARN_BOOL_CONVERSION = YES;
				CLANG_WARN_COMMA = YES;
				CLANG_WARN_CONSTANT_CONVERSION = YES;
				CLANG_WARN_DEPRECATED_OBJC_IMPLEMENTATIONS = YES;
				CLANG_WARN_DIRECT_OBJC_ISA_USAGE = YES_ERROR;
				CLANG_WARN_DOCUMENTATION_COMMENTS = YES;
				CLANG_WARN_EMPTY_BODY = YES;
				CLANG_WARN_ENUM_CONVERSION = YES;
				CLANG_WARN_INFINITE_RECURSION = YES;
				CLANG_WARN_INT_CONVERSION = YES;
				CLANG_WARN_NON_LITERAL_NULL_CONVERSION = YES;
				CLANG_WARN_OBJC_IMPLICIT_RETAIN_SELF = YES;
				CLANG_WARN_OBJC_LITERAL_CONVERSION = YES;
				CLANG_WARN_OBJC_ROOT_CLASS = YES_ERROR;
				CLANG_WARN_QUOTED_INCLUDE_IN_FRAMEWORK_HEADER = YES;
				CLANG_WARN_RANGE_LOOP_ANALYSIS = YES;
				CLANG_WARN_STRICT_PROTOTYPES = YES;
				CLANG_WARN_SUSPICIOUS_MOVE = YES;
				CLANG_WARN_UNGUARDED_AVAILABILITY = YES_AGGRESSIVE;
				CLANG_WARN_UNREACHABLE_CODE = YES;
				CLANG_WARN__DUPLICATE_METHOD_MATCH = YES;
				COPY_PHASE_STRIP = NO;
				DEBUG_INFORMATION_FORMAT = "dwarf-with-dsym";
				ENABLE_NS_ASSERTIONS = NO;
				ENABLE_STRICT_OBJC_MSGSEND = YES;
				GCC_C_LANGUAGE_STANDARD = gnu11;
				GCC_NO_COMMON_BLOCKS = YES;
				GCC_WARN_64_TO_32_BIT_CONVERSION = YES;
				GCC_WARN_ABOUT_RETURN_TYPE = YES_ERROR;
				GCC_WARN_UNDECLARED_SELECTOR = YES;
				GCC_WARN_UNINITIALIZED_AUTOS = YES_AGGRESSIVE;
				GCC_WARN_UNUSED_FUNCTION = YES;
				GCC_WARN_UNUSED_VARIABLE = YES;
				IPHONEOS_DEPLOYMENT_TARGET = 14.4;
				MTL_ENABLE_DEBUG_INFO = NO;
				MTL_FAST_MATH = YES;
				SDKROOT = iphoneos;
				SWIFT_COMPILATION_MODE = wholemodule;
				SWIFT_OPTIMIZATION_LEVEL = "-O";
				VALIDATE_PRODUCT = YES;
			};
			name = Release;
		};
		36EA1AC3262AFC860003E726 /* Debug */ = {
			isa = XCBuildConfiguration;
			buildSettings = {
				ASSETCATALOG_COMPILER_APPICON_NAME = AppIcon;
				ASSETCATALOG_COMPILER_GLOBAL_ACCENT_COLOR_NAME = AccentColor;
				CODE_SIGN_STYLE = Automatic;
				DEVELOPMENT_TEAM = QH95759TSS;
				INFOPLIST_FILE = TFYSwiftMessageRouter/Info.plist;
				LD_RUNPATH_SEARCH_PATHS = (
					"$(inherited)",
					"@executable_path/Frameworks",
				);
				PRODUCT_BUNDLE_IDENTIFIER = com.tfy.TFYSwiftMessageRouter;
				PRODUCT_NAME = "$(TARGET_NAME)";
				SWIFT_VERSION = 5.0;
				TARGETED_DEVICE_FAMILY = "1,2";
			};
			name = Debug;
		};
		36EA1AC4262AFC860003E726 /* Release */ = {
			isa = XCBuildConfiguration;
			buildSettings = {
				ASSETCATALOG_COMPILER_APPICON_NAME = AppIcon;
				ASSETCATALOG_COMPILER_GLOBAL_ACCENT_COLOR_NAME = AccentColor;
				CODE_SIGN_STYLE = Automatic;
				DEVELOPMENT_TEAM = QH95759TSS;
				INFOPLIST_FILE = TFYSwiftMessageRouter/Info.plist;
				LD_RUNPATH_SEARCH_PATHS = (
					"$(inherited)",
					"@executable_path/Frameworks",
				);
				PRODUCT_BUNDLE_IDENTIFIER = com.tfy.TFYSwiftMessageRouter;
				PRODUCT_NAME = "$(TARGET_NAME)";
				SWIFT_VERSION = 5.0;
				TARGETED_DEVICE_FAMILY = "1,2";
			};
			name = Release;
		};
		36EA1AC6262AFC860003E726 /* Debug */ = {
			isa = XCBuildConfiguration;
			buildSettings = {
				ALWAYS_EMBED_SWIFT_STANDARD_LIBRARIES = YES;
				BUNDLE_LOADER = "$(TEST_HOST)";
				CODE_SIGN_STYLE = Automatic;
				DEVELOPMENT_TEAM = QH95759TSS;
				INFOPLIST_FILE = TFYSwiftMessageRouterTests/Info.plist;
				IPHONEOS_DEPLOYMENT_TARGET = 14.4;
				LD_RUNPATH_SEARCH_PATHS = (
					"$(inherited)",
					"@executable_path/Frameworks",
					"@loader_path/Frameworks",
				);
				PRODUCT_BUNDLE_IDENTIFIER = com.tfy.TFYSwiftMessageRouterTests;
				PRODUCT_NAME = "$(TARGET_NAME)";
				SWIFT_VERSION = 5.0;
				TARGETED_DEVICE_FAMILY = "1,2";
				TEST_HOST = "$(BUILT_PRODUCTS_DIR)/TFYSwiftMessageRouter.app/TFYSwiftMessageRouter";
			};
			name = Debug;
		};
		36EA1AC7262AFC860003E726 /* Release */ = {
			isa = XCBuildConfiguration;
			buildSettings = {
				ALWAYS_EMBED_SWIFT_STANDARD_LIBRARIES = YES;
				BUNDLE_LOADER = "$(TEST_HOST)";
				CODE_SIGN_STYLE = Automatic;
				DEVELOPMENT_TEAM = QH95759TSS;
				INFOPLIST_FILE = TFYSwiftMessageRouterTests/Info.plist;
				IPHONEOS_DEPLOYMENT_TARGET = 14.4;
				LD_RUNPATH_SEARCH_PATHS = (
					"$(inherited)",
					"@executable_path/Frameworks",
					"@loader_path/Frameworks",
				);
				PRODUCT_BUNDLE_IDENTIFIER = com.tfy.TFYSwiftMessageRouterTests;
				PRODUCT_NAME = "$(TARGET_NAME)";
				SWIFT_VERSION = 5.0;
				TARGETED_DEVICE_FAMILY = "1,2";
				TEST_HOST = "$(BUILT_PRODUCTS_DIR)/TFYSwiftMessageRouter.app/TFYSwiftMessageRouter";
			};
			name = Release;
		};
		36EA1AC9262AFC860003E726 /* Debug */ = {
			isa = XCBuildConfiguration;
			buildSettings = {
				ALWAYS_EMBED_SWIFT_STANDARD_LIBRARIES = YES;
				CODE_SIGN_STYLE = Automatic;
				DEVELOPMENT_TEAM = QH95759TSS;
				INFOPLIST_FILE = TFYSwiftMessageRouterUITests/Info.plist;
				LD_RUNPATH_SEARCH_PATHS = (
					"$(inherited)",
					"@executable_path/Frameworks",
					"@loader_path/Frameworks",
				);
				PRODUCT_BUNDLE_IDENTIFIER = com.tfy.TFYSwiftMessageRouterUITests;
				PRODUCT_NAME = "$(TARGET_NAME)";
				SWIFT_VERSION = 5.0;
				TARGETED_DEVICE_FAMILY = "1,2";
				TEST_TARGET_NAME = TFYSwiftMessageRouter;
			};
			name = Debug;
		};
		36EA1ACA262AFC860003E726 /* Release */ = {
			isa = XCBuildConfiguration;
			buildSettings = {
				ALWAYS_EMBED_SWIFT_STANDARD_LIBRARIES = YES;
				CODE_SIGN_STYLE = Automatic;
				DEVELOPMENT_TEAM = QH95759TSS;
				INFOPLIST_FILE = TFYSwiftMessageRouterUITests/Info.plist;
				LD_RUNPATH_SEARCH_PATHS = (
					"$(inherited)",
					"@executable_path/Frameworks",
					"@loader_path/Frameworks",
				);
				PRODUCT_BUNDLE_IDENTIFIER = com.tfy.TFYSwiftMessageRouterUITests;
				PRODUCT_NAME = "$(TARGET_NAME)";
				SWIFT_VERSION = 5.0;
				TARGETED_DEVICE_FAMILY = "1,2";
				TEST_TARGET_NAME = TFYSwiftMessageRouter;
			};
			name = Release;
		};
/* End XCBuildConfiguration section */

/* Begin XCConfigurationList section */
		36EA1A93262AFC850003E726 /* Build configuration list for PBXProject "TFYSwiftMessageRouter" */ = {
			isa = XCConfigurationList;
			buildConfigurations = (
				36EA1AC0262AFC860003E726 /* Debug */,
				36EA1AC1262AFC860003E726 /* Release */,
			);
			defaultConfigurationIsVisible = 0;
			defaultConfigurationName = Release;
		};
		36EA1AC2262AFC860003E726 /* Build configuration list for PBXNativeTarget "TFYSwiftMessageRouter" */ = {
			isa = XCConfigurationList;
			buildConfigurations = (
				36EA1AC3262AFC860003E726 /* Debug */,
				36EA1AC4262AFC860003E726 /* Release */,
			);
			defaultConfigurationIsVisible = 0;
			defaultConfigurationName = Release;
		};
		36EA1AC5262AFC860003E726 /* Build configuration list for PBXNativeTarget "TFYSwiftMessageRouterTests" */ = {
			isa = XCConfigurationList;
			buildConfigurations = (
				36EA1AC6262AFC860003E726 /* Debug */,
				36EA1AC7262AFC860003E726 /* Release */,
			);
			defaultConfigurationIsVisible = 0;
			defaultConfigurationName = Release;
		};
		36EA1AC8262AFC860003E726 /* Build configuration list for PBXNativeTarget "TFYSwiftMessageRouterUITests" */ = {
			isa = XCConfigurationList;
			buildConfigurations = (
				36EA1AC9262AFC860003E726 /* Debug */,
				36EA1ACA262AFC860003E726 /* Release */,
			);
			defaultConfigurationIsVisible = 0;
			defaultConfigurationName = Release;
		};
/* End XCConfigurationList section */
	};
	rootObject = 36EA1A90262AFC850003E726 /* Project object */;
}
